
Microsoft Visual Studio Solution File, Format Version 12.00
# Visual Studio 15
VisualStudioVersion = 15.0.28307.102
MinimumVisualStudioVersion = 10.0.40219.1
Project("{FAE04EC0-301F-11D3-BF4B-00C04F79EFBC}") = "AmiJukeBoxApi", "AmiJukeBoxApi\AmiJukeBoxApi.csproj", "{2DD7A29E-56E1-4719-9156-85ADECCA383B}"
EndProject
Global
	GlobalSection(SolutionConfigurationPlatforms) = preSolution
		Debug|Any CPU = Debug|Any CPU
		Release|Any CPU = Release|Any CPU
	EndGlobalSection
	GlobalSection(ProjectConfigurationPlatforms) = postSolution
		{2DD7A29E-56E1-4719-9156-85ADECCA383B}.Debug|Any CPU.ActiveCfg = Debug|Any CPU
		{2DD7A29E-56E1-4719-9156-85ADECCA383B}.Debug|Any CPU.Build.0 = Debug|Any CPU
		{2DD7A29E-56E1-4719-9156-85ADECCA383B}.Release|Any CPU.ActiveCfg = Release|Any CPU
		{2DD7A29E-56E1-4719-9156-85ADECCA383B}.Release|Any CPU.Build.0 = Release|Any CPU
	EndGlobalSection
	GlobalSection(SolutionProperties) = preSolution
		HideSolutionNode = FALSE
	EndGlobalSection
	GlobalSection(ExtensibilityGlobals) = postSolution
		SolutionGuid = {D28A9160-A41B-44DA-AE4C-0297D913EA4A}
	EndGlobalSection
EndGlobal
